
Microsoft Visual Studio Solution File, Format Version 12.00
# Visual Studio Version 16
VisualStudioVersion = 16.0.30114.105
MinimumVisualStudioVersion = 10.0.40219.1
Project("{8BC9CEB8-8B4A-11D0-8D11-00A0C91BC942}") = "14_student_manage", "14_student_manage\14_student_manage.vcxproj", "{846433E8-8619-4798-9172-B71D7CA3CC14}"
EndProject
Global
	GlobalSection(SolutionConfigurationPlatforms) = preSolution
		Debug|x64 = Debug|x64
		Debug|x86 = Debug|x86
		Release|x64 = Release|x64
		Release|x86 = Release|x86
	EndGlobalSection
	GlobalSection(ProjectConfigurationPlatforms) = postSolution
		{846433E8-8619-4798-9172-B71D7CA3CC14}.Debug|x64.ActiveCfg = Debug|x64
		{846433E8-8619-4798-9172-B71D7CA3CC14}.Debug|x64.Build.0 = Debug|x64
		{846433E8-8619-4798-9172-B71D7CA3CC14}.Debug|x86.ActiveCfg = Debug|Win32
		{846433E8-8619-4798-9172-B71D7CA3CC14}.Debug|x86.Build.0 = Debug|Win32
		{846433E8-8619-4798-9172-B71D7CA3CC14}.Release|x64.ActiveCfg = Release|x64
		{846433E8-8619-4798-9172-B71D7CA3CC14}.Release|x64.Build.0 = Release|x64
		{846433E8-8619-4798-9172-B71D7CA3CC14}.Release|x86.ActiveCfg = Release|Win32
		{846433E8-8619-4798-9172-B71D7CA3CC14}.Release|x86.Build.0 = Release|Win32
	EndGlobalSection
	GlobalSection(SolutionProperties) = preSolution
		HideSolutionNode = FALSE
	EndGlobalSection
	GlobalSection(ExtensibilityGlobals) = postSolution
		SolutionGuid = {A73CC373-A26C-47F2-ADB5-2AF4B2CBDB36}
	EndGlobalSection
EndGlobal
