
Microsoft Visual Studio Solution File, Format Version 12.00
# Visual Studio Version 16
VisualStudioVersion = 16.0.30114.105
MinimumVisualStudioVersion = 10.0.40219.1
Project("{8BC9CEB8-8B4A-11D0-8D11-00A0C91BC942}") = "outrun", "outrun.vcxproj", "{D08989C2-232D-468F-B22B-14CFFBD173E3}"
EndProject
Global
	GlobalSection(SolutionConfigurationPlatforms) = preSolution
		Debug|x64 = Debug|x64
		Debug|x86 = Debug|x86
		Release|x64 = Release|x64
		Release|x86 = Release|x86
	EndGlobalSection
	GlobalSection(ProjectConfigurationPlatforms) = postSolution
		{D08989C2-232D-468F-B22B-14CFFBD173E3}.Debug|x64.ActiveCfg = Debug|x64
		{D08989C2-232D-468F-B22B-14CFFBD173E3}.Debug|x64.Build.0 = Debug|x64
		{D08989C2-232D-468F-B22B-14CFFBD173E3}.Debug|x86.ActiveCfg = Debug|Win32
		{D08989C2-232D-468F-B22B-14CFFBD173E3}.Debug|x86.Build.0 = Debug|Win32
		{D08989C2-232D-468F-B22B-14CFFBD173E3}.Release|x64.ActiveCfg = Release|x64
		{D08989C2-232D-468F-B22B-14CFFBD173E3}.Release|x64.Build.0 = Release|x64
		{D08989C2-232D-468F-B22B-14CFFBD173E3}.Release|x86.ActiveCfg = Release|Win32
		{D08989C2-232D-468F-B22B-14CFFBD173E3}.Release|x86.Build.0 = Release|Win32
	EndGlobalSection
	GlobalSection(SolutionProperties) = preSolution
		HideSolutionNode = FALSE
	EndGlobalSection
	GlobalSection(ExtensibilityGlobals) = postSolution
		SolutionGuid = {E026A0F6-B5D1-4AAE-AA69-186B5EBE16A7}
	EndGlobalSection
EndGlobal
