
Microsoft Visual Studio Solution File, Format Version 12.00
# Visual Studio Version 16
VisualStudioVersion = 16.0.30114.105
MinimumVisualStudioVersion = 10.0.40219.1
Project("{8BC9CEB8-8B4A-11D0-8D11-00A0C91BC942}") = "18_randomly_generate_repeatedValue", "18_randomly_generate_repeatedValue\18_randomly_generate_repeatedValue.vcxproj", "{80A33AFD-3AE1-41E4-BD8B-645D6DA34669}"
EndProject
Global
	GlobalSection(SolutionConfigurationPlatforms) = preSolution
		Debug|x64 = Debug|x64
		Debug|x86 = Debug|x86
		Release|x64 = Release|x64
		Release|x86 = Release|x86
	EndGlobalSection
	GlobalSection(ProjectConfigurationPlatforms) = postSolution
		{80A33AFD-3AE1-41E4-BD8B-645D6DA34669}.Debug|x64.ActiveCfg = Debug|x64
		{80A33AFD-3AE1-41E4-BD8B-645D6DA34669}.Debug|x64.Build.0 = Debug|x64
		{80A33AFD-3AE1-41E4-BD8B-645D6DA34669}.Debug|x86.ActiveCfg = Debug|Win32
		{80A33AFD-3AE1-41E4-BD8B-645D6DA34669}.Debug|x86.Build.0 = Debug|Win32
		{80A33AFD-3AE1-41E4-BD8B-645D6DA34669}.Release|x64.ActiveCfg = Release|x64
		{80A33AFD-3AE1-41E4-BD8B-645D6DA34669}.Release|x64.Build.0 = Release|x64
		{80A33AFD-3AE1-41E4-BD8B-645D6DA34669}.Release|x86.ActiveCfg = Release|Win32
		{80A33AFD-3AE1-41E4-BD8B-645D6DA34669}.Release|x86.Build.0 = Release|Win32
	EndGlobalSection
	GlobalSection(SolutionProperties) = preSolution
		HideSolutionNode = FALSE
	EndGlobalSection
	GlobalSection(ExtensibilityGlobals) = postSolution
		SolutionGuid = {81F49D34-F6A3-4E34-8DF7-A9977C3D7EAC}
	EndGlobalSection
EndGlobal
